
Microsoft Visual Studio Solution File, Format Version 12.00
# Visual Studio Version 17
VisualStudioVersion = 17.0.31903.59
MinimumVisualStudioVersion = 10.0.40219.1
Project("{2150E333-8FDC-42A3-9474-1A3956D46DE8}") = "Frontend", "Frontend", "{CE609670-85B9-0D16-FB54-ED063D5D8A6D}"
EndProject
Project("{FAE04EC0-301F-11D3-BF4B-00C04F79EFBC}") = "PortailMetier.Frontend", "Frontend\PortailMetier.Frontend.csproj", "{2C2EE09C-50AA-4B3F-B1A2-B3A9C1997E6A}"
EndProject
Project("{2150E333-8FDC-42A3-9474-1A3956D46DE8}") = "Domain", "Domain", "{996CEBED-A05B-5D42-3FF0-982E087A2599}"
EndProject
Project("{FAE04EC0-301F-11D3-BF4B-00C04F79EFBC}") = "PortailMetier.Domain", "Domain\PortailMetier.Domain.csproj", "{D2977956-0C82-4A83-A874-D4F294DF7415}"
EndProject
Project("{2150E333-8FDC-42A3-9474-1A3956D46DE8}") = "Infrastructure", "Infrastructure", "{DFEE68D8-A7D0-1A41-506C-9B74AA9A7B7B}"
EndProject
Project("{FAE04EC0-301F-11D3-BF4B-00C04F79EFBC}") = "PortailMetier.Infrastructure", "Infrastructure\PortailMetier.Infrastructure.csproj", "{E7F1AB03-C9C7-4F75-96C4-D24E55A63C0C}"
EndProject
Global
	GlobalSection(SolutionConfigurationPlatforms) = preSolution
		Debug|Any CPU = Debug|Any CPU
		Debug|x64 = Debug|x64
		Debug|x86 = Debug|x86
		Release|Any CPU = Release|Any CPU
		Release|x64 = Release|x64
		Release|x86 = Release|x86
	EndGlobalSection
	GlobalSection(ProjectConfigurationPlatforms) = postSolution
		{2C2EE09C-50AA-4B3F-B1A2-B3A9C1997E6A}.Debug|Any CPU.ActiveCfg = Debug|Any CPU
		{2C2EE09C-50AA-4B3F-B1A2-B3A9C1997E6A}.Debug|Any CPU.Build.0 = Debug|Any CPU
		{2C2EE09C-50AA-4B3F-B1A2-B3A9C1997E6A}.Debug|x64.ActiveCfg = Debug|Any CPU
		{2C2EE09C-50AA-4B3F-B1A2-B3A9C1997E6A}.Debug|x64.Build.0 = Debug|Any CPU
		{2C2EE09C-50AA-4B3F-B1A2-B3A9C1997E6A}.Debug|x86.ActiveCfg = Debug|Any CPU
		{2C2EE09C-50AA-4B3F-B1A2-B3A9C1997E6A}.Debug|x86.Build.0 = Debug|Any CPU
		{2C2EE09C-50AA-4B3F-B1A2-B3A9C1997E6A}.Release|Any CPU.ActiveCfg = Release|Any CPU
		{2C2EE09C-50AA-4B3F-B1A2-B3A9C1997E6A}.Release|Any CPU.Build.0 = Release|Any CPU
		{2C2EE09C-50AA-4B3F-B1A2-B3A9C1997E6A}.Release|x64.ActiveCfg = Release|Any CPU
		{2C2EE09C-50AA-4B3F-B1A2-B3A9C1997E6A}.Release|x64.Build.0 = Release|Any CPU
		{2C2EE09C-50AA-4B3F-B1A2-B3A9C1997E6A}.Release|x86.ActiveCfg = Release|Any CPU
		{2C2EE09C-50AA-4B3F-B1A2-B3A9C1997E6A}.Release|x86.Build.0 = Release|Any CPU
		{D2977956-0C82-4A83-A874-D4F294DF7415}.Debug|Any CPU.ActiveCfg = Debug|Any CPU
		{D2977956-0C82-4A83-A874-D4F294DF7415}.Debug|Any CPU.Build.0 = Debug|Any CPU
		{D2977956-0C82-4A83-A874-D4F294DF7415}.Debug|x64.ActiveCfg = Debug|Any CPU
		{D2977956-0C82-4A83-A874-D4F294DF7415}.Debug|x64.Build.0 = Debug|Any CPU
		{D2977956-0C82-4A83-A874-D4F294DF7415}.Debug|x86.ActiveCfg = Debug|Any CPU
		{D2977956-0C82-4A83-A874-D4F294DF7415}.Debug|x86.Build.0 = Debug|Any CPU
		{D2977956-0C82-4A83-A874-D4F294DF7415}.Release|Any CPU.ActiveCfg = Release|Any CPU
		{D2977956-0C82-4A83-A874-D4F294DF7415}.Release|Any CPU.Build.0 = Release|Any CPU
		{D2977956-0C82-4A83-A874-D4F294DF7415}.Release|x64.ActiveCfg = Release|Any CPU
		{D2977956-0C82-4A83-A874-D4F294DF7415}.Release|x64.Build.0 = Release|Any CPU
		{D2977956-0C82-4A83-A874-D4F294DF7415}.Release|x86.ActiveCfg = Release|Any CPU
		{D2977956-0C82-4A83-A874-D4F294DF7415}.Release|x86.Build.0 = Release|Any CPU
		{E7F1AB03-C9C7-4F75-96C4-D24E55A63C0C}.Debug|Any CPU.ActiveCfg = Debug|Any CPU
		{E7F1AB03-C9C7-4F75-96C4-D24E55A63C0C}.Debug|Any CPU.Build.0 = Debug|Any CPU
		{E7F1AB03-C9C7-4F75-96C4-D24E55A63C0C}.Debug|x64.ActiveCfg = Debug|Any CPU
		{E7F1AB03-C9C7-4F75-96C4-D24E55A63C0C}.Debug|x64.Build.0 = Debug|Any CPU
		{E7F1AB03-C9C7-4F75-96C4-D24E55A63C0C}.Debug|x86.ActiveCfg = Debug|Any CPU
		{E7F1AB03-C9C7-4F75-96C4-D24E55A63C0C}.Debug|x86.Build.0 = Debug|Any CPU
		{E7F1AB03-C9C7-4F75-96C4-D24E55A63C0C}.Release|Any CPU.ActiveCfg = Release|Any CPU
		{E7F1AB03-C9C7-4F75-96C4-D24E55A63C0C}.Release|Any CPU.Build.0 = Release|Any CPU
		{E7F1AB03-C9C7-4F75-96C4-D24E55A63C0C}.Release|x64.ActiveCfg = Release|Any CPU
		{E7F1AB03-C9C7-4F75-96C4-D24E55A63C0C}.Release|x64.Build.0 = Release|Any CPU
		{E7F1AB03-C9C7-4F75-96C4-D24E55A63C0C}.Release|x86.ActiveCfg = Release|Any CPU
		{E7F1AB03-C9C7-4F75-96C4-D24E55A63C0C}.Release|x86.Build.0 = Release|Any CPU
	EndGlobalSection
	GlobalSection(SolutionProperties) = preSolution
		HideSolutionNode = FALSE
	EndGlobalSection
	GlobalSection(NestedProjects) = preSolution
		{2C2EE09C-50AA-4B3F-B1A2-B3A9C1997E6A} = {CE609670-85B9-0D16-FB54-ED063D5D8A6D}
		{D2977956-0C82-4A83-A874-D4F294DF7415} = {996CEBED-A05B-5D42-3FF0-982E087A2599}
		{E7F1AB03-C9C7-4F75-96C4-D24E55A63C0C} = {DFEE68D8-A7D0-1A41-506C-9B74AA9A7B7B}
	EndGlobalSection
EndGlobal
